
Microsoft Visual Studio Solution File, Format Version 12.00
# Visual Studio Version 17
VisualStudioVersion = 17.4.33103.184
MinimumVisualStudioVersion = 10.0.40219.1
Project("{FAE04EC0-301F-11D3-BF4B-00C04F79EFBC}") = "UK_UWULang", "UK_UWULang\UK_UWULang.csproj", "{FCD6A35E-F666-44E2-B036-69BAB9D5953A}"
EndProject
Global
	GlobalSection(SolutionConfigurationPlatforms) = preSolution
		Debug|Any CPU = Debug|Any CPU
		Release|Any CPU = Release|Any CPU
	EndGlobalSection
	GlobalSection(ProjectConfigurationPlatforms) = postSolution
		{FCD6A35E-F666-44E2-B036-69BAB9D5953A}.Debug|Any CPU.ActiveCfg = Debug|Any CPU
		{FCD6A35E-F666-44E2-B036-69BAB9D5953A}.Debug|Any CPU.Build.0 = Debug|Any CPU
		{FCD6A35E-F666-44E2-B036-69BAB9D5953A}.Release|Any CPU.ActiveCfg = Release|Any CPU
		{FCD6A35E-F666-44E2-B036-69BAB9D5953A}.Release|Any CPU.Build.0 = Release|Any CPU
	EndGlobalSection
	GlobalSection(SolutionProperties) = preSolution
		HideSolutionNode = FALSE
	EndGlobalSection
	GlobalSection(ExtensibilityGlobals) = postSolution
		SolutionGuid = {97DD85E7-C125-4C26-BCDD-BD606B83DDC2}
	EndGlobalSection
EndGlobal
